
Microsoft Visual Studio Solution File, Format Version 12.00
# Visual Studio Version 17
VisualStudioVersion = 17.0.31919.166
MinimumVisualStudioVersion = 10.0.40219.1
Project("{FAE04EC0-301F-11D3-BF4B-00C04F79EFBC}") = "LeadScoringDecision_Console", "LeadScoringDecision_Console\LeadScoringDecision_Console.csproj", "{CE655B45-AA67-4C31-8528-914528017863}"
EndProject
Project("{9A19103F-16F7-4668-BE54-9A1E7A4F7556}") = "LeadScoringDecision_Api", "LeadScoringDecision_Api\LeadScoringDecision_Api.csproj", "{5D413B18-4A70-4A49-88D3-662918672831}"
EndProject
Project("{FAE04EC0-301F-11D3-BF4B-00C04F79EFBC}") = "LeadScoringDecision_Function", "LeadScoringDecision_Function\LeadScoringDecision_Function.csproj", "{8FECBC7E-1362-4507-9D2B-967EAC80149A}"
EndProject
Global
	GlobalSection(SolutionConfigurationPlatforms) = preSolution
		Debug|Any CPU = Debug|Any CPU
		Release|Any CPU = Release|Any CPU
	EndGlobalSection
	GlobalSection(ProjectConfigurationPlatforms) = postSolution
		{CE655B45-AA67-4C31-8528-914528017863}.Debug|Any CPU.ActiveCfg = Debug|Any CPU
		{CE655B45-AA67-4C31-8528-914528017863}.Debug|Any CPU.Build.0 = Debug|Any CPU
		{CE655B45-AA67-4C31-8528-914528017863}.Release|Any CPU.ActiveCfg = Release|Any CPU
		{CE655B45-AA67-4C31-8528-914528017863}.Release|Any CPU.Build.0 = Release|Any CPU
		{5D413B18-4A70-4A49-88D3-662918672831}.Debug|Any CPU.ActiveCfg = Debug|Any CPU
		{5D413B18-4A70-4A49-88D3-662918672831}.Debug|Any CPU.Build.0 = Debug|Any CPU
		{5D413B18-4A70-4A49-88D3-662918672831}.Release|Any CPU.ActiveCfg = Release|Any CPU
		{5D413B18-4A70-4A49-88D3-662918672831}.Release|Any CPU.Build.0 = Release|Any CPU
		{8FECBC7E-1362-4507-9D2B-967EAC80149A}.Debug|Any CPU.ActiveCfg = Debug|Any CPU
		{8FECBC7E-1362-4507-9D2B-967EAC80149A}.Debug|Any CPU.Build.0 = Debug|Any CPU
		{8FECBC7E-1362-4507-9D2B-967EAC80149A}.Release|Any CPU.ActiveCfg = Release|Any CPU
		{8FECBC7E-1362-4507-9D2B-967EAC80149A}.Release|Any CPU.Build.0 = Release|Any CPU
	EndGlobalSection
	GlobalSection(SolutionProperties) = preSolution
		HideSolutionNode = FALSE
	EndGlobalSection
	GlobalSection(ExtensibilityGlobals) = postSolution
		SolutionGuid = {E811DC27-2C79-458C-B089-1D1551CA1B2A}
	EndGlobalSection
EndGlobal
